// !$*UTF8*$!
{
	archiveVersion = 1;
	classes = {
	};
	objectVersion = 46;
	objects = {

/* Begin PBXBuildFile section */
		8855087C183C690E004C844A /* Foundation.framework in Frameworks */ = {isa = PBXBuildFile; fileRef = 8855087B183C690E004C844A /* Foundation.framework */; };
		8855087E183C690E004C844A /* CoreGraphics.framework in Frameworks */ = {isa = PBXBuildFile; fileRef = 8855087D183C690E004C844A /* CoreGraphics.framework */; };
		88550880183C690E004C844A /* UIKit.framework in Frameworks */ = {isa = PBXBuildFile; fileRef = 8855087F183C690E004C844A /* UIKit.framework */; };
		88550886183C690E004C844A /* InfoPlist.strings in Resources */ = {isa = PBXBuildFile; fileRef = 88550884183C690E004C844A /* InfoPlist.strings */; };
		88550888183C690E004C844A /* main.m in Sources */ = {isa = PBXBuildFile; fileRef = 88550887183C690E004C844A /* main.m */; };
		8855088C183C690E004C844A /* m4twAppDelegate.m in Sources */ = {isa = PBXBuildFile; fileRef = 8855088B183C690E004C844A /* m4twAppDelegate.m */; };
		8855088F183C690E004C844A /* m4twRootViewController.m in Sources */ = {isa = PBXBuildFile; fileRef = 8855088E183C690E004C844A /* m4twRootViewController.m */; };
		88550892183C690E004C844A /* m4twDataViewController.m in Sources */ = {isa = PBXBuildFile; fileRef = 88550891183C690E004C844A /* m4twDataViewController.m */; };
		88550895183C690E004C844A /* m4twModelController.m in Sources */ = {isa = PBXBuildFile; fileRef = 88550894183C690E004C844A /* m4twModelController.m */; };
		88550898183C690E004C844A /* Main_iPhone.storyboard in Resources */ = {isa = PBXBuildFile; fileRef = 88550896183C690E004C844A /* Main_iPhone.storyboard */; };
		8855089B183C690E004C844A /* Main_iPad.storyboard in Resources */ = {isa = PBXBuildFile; fileRef = 88550899183C690E004C844A /* Main_iPad.storyboard */; };
		8855089D183C690E004C844A /* Images.xcassets in Resources */ = {isa = PBXBuildFile; fileRef = 8855089C183C690E004C844A /* Images.xcassets */; };
		885508A4183C690E004C844A /* XCTest.framework in Frameworks */ = {isa = PBXBuildFile; fileRef = 885508A3183C690E004C844A /* XCTest.framework */; };
		885508A5183C690F004C844A /* Foundation.framework in Frameworks */ = {isa = PBXBuildFile; fileRef = 8855087B183C690E004C844A /* Foundation.framework */; };
		885508A6183C690F004C844A /* UIKit.framework in Frameworks */ = {isa = PBXBuildFile; fileRef = 8855087F183C690E004C844A /* UIKit.framework */; };
		885508AE183C690F004C844A /* InfoPlist.strings in Resources */ = {isa = PBXBuildFile; fileRef = 885508AC183C690F004C844A /* InfoPlist.strings */; };
		885508B0183C690F004C844A /* Media_4_The_WorldTests.m in Sources */ = {isa = PBXBuildFile; fileRef = 885508AF183C690F004C844A /* Media_4_The_WorldTests.m */; };
/* End PBXBuildFile section */

/* Begin PBXContainerItemProxy section */
		885508A7183C690F004C844A /* PBXContainerItemProxy */ = {
			isa = PBXContainerItemProxy;
			containerPortal = 88550870183C690E004C844A /* Project object */;
			proxyType = 1;
			remoteGlobalIDString = 88550877183C690E004C844A;
			remoteInfo = "Media 4 The World";
		};
/* End PBXContainerItemProxy section */

/* Begin PBXFileReference section */
		88550878183C690E004C844A /* Media 4 The World.app */ = {isa = PBXFileReference; explicitFileType = wrapper.application; includeInIndex = 0; path = "Media 4 The World.app"; sourceTree = BUILT_PRODUCTS_DIR; };
		8855087B183C690E004C844A /* Foundation.framework */ = {isa = PBXFileReference; lastKnownFileType = wrapper.framework; name = Foundation.framework; path = System/Library/Frameworks/Foundation.framework; sourceTree = SDKROOT; };
		8855087D183C690E004C844A /* CoreGraphics.framework */ = {isa = PBXFileReference; lastKnownFileType = wrapper.framework; name = CoreGraphics.framework; path = System/Library/Frameworks/CoreGraphics.framework; sourceTree = SDKROOT; };
		8855087F183C690E004C844A /* UIKit.framework */ = {isa = PBXFileReference; lastKnownFileType = wrapper.framework; name = UIKit.framework; path = System/Library/Frameworks/UIKit.framework; sourceTree = SDKROOT; };
		88550883183C690E004C844A /* Media 4 The World-Info.plist */ = {isa = PBXFileReference; lastKnownFileType = text.plist.xml; path = "Media 4 The World-Info.plist"; sourceTree = "<group>"; };
		88550885183C690E004C844A /* en */ = {isa = PBXFileReference; lastKnownFileType = text.plist.strings; name = en; path = en.lproj/InfoPlist.strings; sourceTree = "<group>"; };
		88550887183C690E004C844A /* main.m */ = {isa = PBXFileReference; lastKnownFileType = sourcecode.c.objc; path = main.m; sourceTree = "<group>"; };
		88550889183C690E004C844A /* Media 4 The World-Prefix.pch */ = {isa = PBXFileReference; lastKnownFileType = sourcecode.c.h; path = "Media 4 The World-Prefix.pch"; sourceTree = "<group>"; };
		8855088A183C690E004C844A /* m4twAppDelegate.h */ = {isa = PBXFileReference; lastKnownFileType = sourcecode.c.h; path = m4twAppDelegate.h; sourceTree = "<group>"; };
		8855088B183C690E004C844A /* m4twAppDelegate.m */ = {isa = PBXFileReference; lastKnownFileType = sourcecode.c.objc; path = m4twAppDelegate.m; sourceTree = "<group>"; };
		8855088D183C690E004C844A /* m4twRootViewController.h */ = {isa = PBXFileReference; lastKnownFileType = sourcecode.c.h; path = m4twRootViewController.h; sourceTree = "<group>"; };
		8855088E183C690E004C844A /* m4twRootViewController.m */ = {isa = PBXFileReference; lastKnownFileType = sourcecode.c.objc; path = m4twRootViewController.m; sourceTree = "<group>"; };
		88550890183C690E004C844A /* m4twDataViewController.h */ = {isa = PBXFileReference; lastKnownFileType = sourcecode.c.h; path = m4twDataViewController.h; sourceTree = "<group>"; };
		88550891183C690E004C844A /* m4twDataViewController.m */ = {isa = PBXFileReference; lastKnownFileType = sourcecode.c.objc; path = m4twDataViewController.m; sourceTree = "<group>"; };
		88550893183C690E004C844A /* m4twModelController.h */ = {isa = PBXFileReference; lastKnownFileType = sourcecode.c.h; path = m4twModelController.h; sourceTree = "<group>"; };
		88550894183C690E004C844A /* m4twModelController.m */ = {isa = PBXFileReference; lastKnownFileType = sourcecode.c.objc; path = m4twModelController.m; sourceTree = "<group>"; };
		88550897183C690E004C844A /* Base */ = {isa = PBXFileReference; lastKnownFileType = file.storyboard; name = Base; path = Base.lproj/Main_iPhone.storyboard; sourceTree = "<group>"; };
		8855089A183C690E004C844A /* Base */ = {isa = PBXFileReference; lastKnownFileType = file.storyboard; name = Base; path = Base.lproj/Main_iPad.storyboard; sourceTree = "<group>"; };
		8855089C183C690E004C844A /* Images.xcassets */ = {isa = PBXFileReference; lastKnownFileType = folder.assetcatalog; path = Images.xcassets; sourceTree = "<group>"; };
		885508A2183C690E004C844A /* Media 4 The WorldTests.xctest */ = {isa = PBXFileReference; explicitFileType = wrapper.cfbundle; includeInIndex = 0; path = "Media 4 The WorldTests.xctest"; sourceTree = BUILT_PRODUCTS_DIR; };
		885508A3183C690E004C844A /* XCTest.framework */ = {isa = PBXFileReference; lastKnownFileType = wrapper.framework; name = XCTest.framework; path = Library/Frameworks/XCTest.framework; sourceTree = DEVELOPER_DIR; };
		885508AB183C690F004C844A /* Media 4 The WorldTests-Info.plist */ = {isa = PBXFileReference; lastKnownFileType = text.plist.xml; path = "Media 4 The WorldTests-Info.plist"; sourceTree = "<group>"; };
		885508AD183C690F004C844A /* en */ = {isa = PBXFileReference; lastKnownFileType = text.plist.strings; name = en; path = en.lproj/InfoPlist.strings; sourceTree = "<group>"; };
		885508AF183C690F004C844A /* Media_4_The_WorldTests.m */ = {isa = PBXFileReference; lastKnownFileType = sourcecode.c.objc; path = Media_4_The_WorldTests.m; sourceTree = "<group>"; };
/* End PBXFileReference section */

/* Begin PBXFrameworksBuildPhase section */
		88550875183C690E004C844A /* Frameworks */ = {
			isa = PBXFrameworksBuildPhase;
			buildActionMask = 2147483647;
			files = (
				8855087E183C690E004C844A /* CoreGraphics.framework in Frameworks */,
				88550880183C690E004C844A /* UIKit.framework in Frameworks */,
				8855087C183C690E004C844A /* Foundation.framework in Frameworks */,
			);
			runOnlyForDeploymentPostprocessing = 0;
		};
		8855089F183C690E004C844A /* Frameworks */ = {
			isa = PBXFrameworksBuildPhase;
			buildActionMask = 2147483647;
			files = (
				885508A4183C690E004C844A /* XCTest.framework in Frameworks */,
				885508A6183C690F004C844A /* UIKit.framework in Frameworks */,
				885508A5183C690F004C844A /* Foundation.framework in Frameworks */,
			);
			runOnlyForDeploymentPostprocessing = 0;
		};
/* End PBXFrameworksBuildPhase section */

/* Begin PBXGroup section */
		8855086F183C690E004C844A = {
			isa = PBXGroup;
			children = (
				88550881183C690E004C844A /* Media 4 The World */,
				885508A9183C690F004C844A /* Media 4 The WorldTests */,
				8855087A183C690E004C844A /* Frameworks */,
				88550879183C690E004C844A /* Products */,
			);
			sourceTree = "<group>";
		};
		88550879183C690E004C844A /* Products */ = {
			isa = PBXGroup;
			children = (
				88550878183C690E004C844A /* Media 4 The World.app */,
				885508A2183C690E004C844A /* Media 4 The WorldTests.xctest */,
			);
			name = Products;
			sourceTree = "<group>";
		};
		8855087A183C690E004C844A /* Frameworks */ = {
			isa = PBXGroup;
			children = (
				8855087B183C690E004C844A /* Foundation.framework */,
				8855087D183C690E004C844A /* CoreGraphics.framework */,
				8855087F183C690E004C844A /* UIKit.framework */,
				885508A3183C690E004C844A /* XCTest.framework */,
			);
			name = Frameworks;
			sourceTree = "<group>";
		};
		88550881183C690E004C844A /* Media 4 The World */ = {
			isa = PBXGroup;
			children = (
				8855088A183C690E004C844A /* m4twAppDelegate.h */,
				8855088B183C690E004C844A /* m4twAppDelegate.m */,
				8855088D183C690E004C844A /* m4twRootViewController.h */,
				8855088E183C690E004C844A /* m4twRootViewController.m */,
				88550890183C690E004C844A /* m4twDataViewController.h */,
				88550891183C690E004C844A /* m4twDataViewController.m */,
				88550893183C690E004C844A /* m4twModelController.h */,
				88550894183C690E004C844A /* m4twModelController.m */,
				88550896183C690E004C844A /* Main_iPhone.storyboard */,
				88550899183C690E004C844A /* Main_iPad.storyboard */,
				8855089C183C690E004C844A /* Images.xcassets */,
				88550882183C690E004C844A /* Supporting Files */,
			);
			path = "Media 4 The World";
			sourceTree = "<group>";
		};
		88550882183C690E004C844A /* Supporting Files */ = {
			isa = PBXGroup;
			children = (
				88550883183C690E004C844A /* Media 4 The World-Info.plist */,
				88550884183C690E004C844A /* InfoPlist.strings */,
				88550887183C690E004C844A /* main.m */,
				88550889183C690E004C844A /* Media 4 The World-Prefix.pch */,
			);
			name = "Supporting Files";
			sourceTree = "<group>";
		};
		885508A9183C690F004C844A /* Media 4 The WorldTests */ = {
			isa = PBXGroup;
			children = (
				885508AF183C690F004C844A /* Media_4_The_WorldTests.m */,
				885508AA183C690F004C844A /* Supporting Files */,
			);
			path = "Media 4 The WorldTests";
			sourceTree = "<group>";
		};
		885508AA183C690F004C844A /* Supporting Files */ = {
			isa = PBXGroup;
			children = (
				885508AB183C690F004C844A /* Media 4 The WorldTests-Info.plist */,
				885508AC183C690F004C844A /* InfoPlist.strings */,
			);
			name = "Supporting Files";
			sourceTree = "<group>";
		};
/* End PBXGroup section */

/* Begin PBXNativeTarget section */
		88550877183C690E004C844A /* Media 4 The World */ = {
			isa = PBXNativeTarget;
			buildConfigurationList = 885508B3183C690F004C844A /* Build configuration list for PBXNativeTarget "Media 4 The World" */;
			buildPhases = (
				88550874183C690E004C844A /* Sources */,
				88550875183C690E004C844A /* Frameworks */,
				88550876183C690E004C844A /* Resources */,
			);
			buildRules = (
			);
			dependencies = (
			);
			name = "Media 4 The World";
			productName = "Media 4 The World";
			productReference = 88550878183C690E004C844A /* Media 4 The World.app */;
			productType = "com.apple.product-type.application";
		};
		885508A1183C690E004C844A /* Media 4 The WorldTests */ = {
			isa = PBXNativeTarget;
			buildConfigurationList = 885508B6183C690F004C844A /* Build configuration list for PBXNativeTarget "Media 4 The WorldTests" */;
			buildPhases = (
				8855089E183C690E004C844A /* Sources */,
				8855089F183C690E004C844A /* Frameworks */,
				885508A0183C690E004C844A /* Resources */,
			);
			buildRules = (
			);
			dependencies = (
				885508A8183C690F004C844A /* PBXTargetDependency */,
			);
			name = "Media 4 The WorldTests";
			productName = "Media 4 The WorldTests";
			productReference = 885508A2183C690E004C844A /* Media 4 The WorldTests.xctest */;
			productType = "com.apple.product-type.bundle.unit-test";
		};
/* End PBXNativeTarget section */

/* Begin PBXProject section */
		88550870183C690E004C844A /* Project object */ = {
			isa = PBXProject;
			attributes = {
				CLASSPREFIX = m4tw;
				LastUpgradeCheck = 0500;
				ORGANIZATIONNAME = M4TW;
				TargetAttributes = {
					885508A1183C690E004C844A = {
						TestTargetID = 88550877183C690E004C844A;
					};
				};
			};
			buildConfigurationList = 88550873183C690E004C844A /* Build configuration list for PBXProject "Media 4 The World" */;
			compatibilityVersion = "Xcode 3.2";
			developmentRegion = English;
			hasScannedForEncodings = 0;
			knownRegions = (
				en,
				Base,
			);
			mainGroup = 8855086F183C690E004C844A;
			productRefGroup = 88550879183C690E004C844A /* Products */;
			projectDirPath = "";
			projectRoot = "";
			targets = (
				88550877183C690E004C844A /* Media 4 The World */,
				885508A1183C690E004C844A /* Media 4 The WorldTests */,
			);
		};
/* End PBXProject section */

/* Begin PBXResourcesBuildPhase section */
		88550876183C690E004C844A /* Resources */ = {
			isa = PBXResourcesBuildPhase;
			buildActionMask = 2147483647;
			files = (
				8855089B183C690E004C844A /* Main_iPad.storyboard in Resources */,
				8855089D183C690E004C844A /* Images.xcassets in Resources */,
				88550898183C690E004C844A /* Main_iPhone.storyboard in Resources */,
				88550886183C690E004C844A /* InfoPlist.strings in Resources */,
			);
			runOnlyForDeploymentPostprocessing = 0;
		};
		885508A0183C690E004C844A /* Resources */ = {
			isa = PBXResourcesBuildPhase;
			buildActionMask = 2147483647;
			files = (
				885508AE183C690F004C844A /* InfoPlist.strings in Resources */,
			);
			runOnlyForDeploymentPostprocessing = 0;
		};
/* End PBXResourcesBuildPhase section */

/* Begin PBXSourcesBuildPhase section */
		88550874183C690E004C844A /* Sources */ = {
			isa = PBXSourcesBuildPhase;
			buildActionMask = 2147483647;
			files = (
				88550892183C690E004C844A /* m4twDataViewController.m in Sources */,
				88550895183C690E004C844A /* m4twModelController.m in Sources */,
				8855088F183C690E004C844A /* m4twRootViewController.m in Sources */,
				8855088C183C690E004C844A /* m4twAppDelegate.m in Sources */,
				88550888183C690E004C844A /* main.m in Sources */,
			);
			runOnlyForDeploymentPostprocessing = 0;
		};
		8855089E183C690E004C844A /* Sources */ = {
			isa = PBXSourcesBuildPhase;
			buildActionMask = 2147483647;
			files = (
				885508B0183C690F004C844A /* Media_4_The_WorldTests.m in Sources */,
			);
			runOnlyForDeploymentPostprocessing = 0;
		};
/* End PBXSourcesBuildPhase section */

/* Begin PBXTargetDependency section */
		885508A8183C690F004C844A /* PBXTargetDependency */ = {
			isa = PBXTargetDependency;
			target = 88550877183C690E004C844A /* Media 4 The World */;
			targetProxy = 885508A7183C690F004C844A /* PBXContainerItemProxy */;
		};
/* End PBXTargetDependency section */

/* Begin PBXVariantGroup section */
		88550884183C690E004C844A /* InfoPlist.strings */ = {
			isa = PBXVariantGroup;
			children = (
				88550885183C690E004C844A /* en */,
			);
			name = InfoPlist.strings;
			sourceTree = "<group>";
		};
		88550896183C690E004C844A /* Main_iPhone.storyboard */ = {
			isa = PBXVariantGroup;
			children = (
				88550897183C690E004C844A /* Base */,
			);
			name = Main_iPhone.storyboard;
			sourceTree = "<group>";
		};
		88550899183C690E004C844A /* Main_iPad.storyboard */ = {
			isa = PBXVariantGroup;
			children = (
				8855089A183C690E004C844A /* Base */,
			);
			name = Main_iPad.storyboard;
			sourceTree = "<group>";
		};
		885508AC183C690F004C844A /* InfoPlist.strings */ = {
			isa = PBXVariantGroup;
			children = (
				885508AD183C690F004C844A /* en */,
			);
			name = InfoPlist.strings;
			sourceTree = "<group>";
		};
/* End PBXVariantGroup section */

/* Begin XCBuildConfiguration section */
		885508B1183C690F004C844A /* Debug */ = {
			isa = XCBuildConfiguration;
			buildSettings = {
				ALWAYS_SEARCH_USER_PATHS = NO;
				ARCHS = "$(ARCHS_STANDARD_INCLUDING_64_BIT)";
				CLANG_CXX_LANGUAGE_STANDARD = "gnu++0x";
				CLANG_CXX_LIBRARY = "libc++";
				CLANG_ENABLE_MODULES = YES;
				CLANG_ENABLE_OBJC_ARC = YES;
				CLANG_WARN_BOOL_CONVERSION = YES;
				CLANG_WARN_CONSTANT_CONVERSION = YES;
				CLANG_WARN_DIRECT_OBJC_ISA_USAGE = YES_ERROR;
				CLANG_WARN_EMPTY_BODY = YES;
				CLANG_WARN_ENUM_CONVERSION = YES;
				CLANG_WARN_INT_CONVERSION = YES;
				CLANG_WARN_OBJC_ROOT_CLASS = YES_ERROR;
				CLANG_WARN__DUPLICATE_METHOD_MATCH = YES;
				"CODE_SIGN_IDENTITY[sdk=iphoneos*]" = "iPhone Developer";
				COPY_PHASE_STRIP = NO;
				GCC_C_LANGUAGE_STANDARD = gnu99;
				GCC_DYNAMIC_NO_PIC = NO;
				GCC_OPTIMIZATION_LEVEL = 0;
				GCC_PREPROCESSOR_DEFINITIONS = (
					"DEBUG=1",
					"$(inherited)",
				);
				GCC_SYMBOLS_PRIVATE_EXTERN = NO;
				GCC_WARN_64_TO_32_BIT_CONVERSION = YES;
				GCC_WARN_ABOUT_RETURN_TYPE = YES_ERROR;
				GCC_WARN_UNDECLARED_SELECTOR = YES;
				GCC_WARN_UNINITIALIZED_AUTOS = YES;
				GCC_WARN_UNUSED_FUNCTION = YES;
				GCC_WARN_UNUSED_VARIABLE = YES;
				IPHONEOS_DEPLOYMENT_TARGET = 7.0;
				ONLY_ACTIVE_ARCH = YES;
				SDKROOT = iphoneos;
				TARGETED_DEVICE_FAMILY = "1,2";
			};
			name = Debug;
		};
		885508B2183C690F004C844A /* Release */ = {
			isa = XCBuildConfiguration;
			buildSettings = {
				ALWAYS_SEARCH_USER_PATHS = NO;
				ARCHS = "$(ARCHS_STANDARD_INCLUDING_64_BIT)";
				CLANG_CXX_LANGUAGE_STANDARD = "gnu++0x";
				CLANG_CXX_LIBRARY = "libc++";
				CLANG_ENABLE_MODULES = YES;
				CLANG_ENABLE_OBJC_ARC = YES;
				CLANG_WARN_BOOL_CONVERSION = YES;
				CLANG_WARN_CONSTANT_CONVERSION = YES;
				CLANG_WARN_DIRECT_OBJC_ISA_USAGE = YES_ERROR;
				CLANG_WARN_EMPTY_BODY = YES;
				CLANG_WARN_ENUM_CONVERSION = YES;
				CLANG_WARN_INT_CONVERSION = YES;
				CLANG_WARN_OBJC_ROOT_CLASS = YES_ERROR;
				CLANG_WARN__DUPLICATE_METHOD_MATCH = YES;
				"CODE_SIGN_IDENTITY[sdk=iphoneos*]" = "iPhone Developer";
				COPY_PHASE_STRIP = YES;
				ENABLE_NS_ASSERTIONS = NO;
				GCC_C_LANGUAGE_STANDARD = gnu99;
				GCC_WARN_64_TO_32_BIT_CONVERSION = YES;
				GCC_WARN_ABOUT_RETURN_TYPE = YES_ERROR;
				GCC_WARN_UNDECLARED_SELECTOR = YES;
				GCC_WARN_UNINITIALIZED_AUTOS = YES;
				GCC_WARN_UNUSED_FUNCTION = YES;
				GCC_WARN_UNUSED_VARIABLE = YES;
				IPHONEOS_DEPLOYMENT_TARGET = 7.0;
				SDKROOT = iphoneos;
				TARGETED_DEVICE_FAMILY = "1,2";
				VALIDATE_PRODUCT = YES;
			};
			name = Release;
		};
		885508B4183C690F004C844A /* Debug */ = {
			isa = XCBuildConfiguration;
			buildSettings = {
				ASSETCATALOG_COMPILER_APPICON_NAME = AppIcon;
				ASSETCATALOG_COMPILER_LAUNCHIMAGE_NAME = LaunchImage;
				GCC_PRECOMPILE_PREFIX_HEADER = YES;
				GCC_PREFIX_HEADER = "Media 4 The World/Media 4 The World-Prefix.pch";
				INFOPLIST_FILE = "Media 4 The World/Media 4 The World-Info.plist";
				PRODUCT_NAME = "$(TARGET_NAME)";
				WRAPPER_EXTENSION = app;
			};
			name = Debug;
		};
		885508B5183C690F004C844A /* Release */ = {
			isa = XCBuildConfiguration;
			buildSettings = {
				ASSETCATALOG_COMPILER_APPICON_NAME = AppIcon;
				ASSETCATALOG_COMPILER_LAUNCHIMAGE_NAME = LaunchImage;
				GCC_PRECOMPILE_PREFIX_HEADER = YES;
				GCC_PREFIX_HEADER = "Media 4 The World/Media 4 The World-Prefix.pch";
				INFOPLIST_FILE = "Media 4 The World/Media 4 The World-Info.plist";
				PRODUCT_NAME = "$(TARGET_NAME)";
				WRAPPER_EXTENSION = app;
			};
			name = Release;
		};
		885508B7183C690F004C844A /* Debug */ = {
			isa = XCBuildConfiguration;
			buildSettings = {
				ARCHS = "$(ARCHS_STANDARD_INCLUDING_64_BIT)";
				BUNDLE_LOADER = "$(BUILT_PRODUCTS_DIR)/Media 4 The World.app/Media 4 The World";
				FRAMEWORK_SEARCH_PATHS = (
					"$(SDKROOT)/Developer/Library/Frameworks",
					"$(inherited)",
					"$(DEVELOPER_FRAMEWORKS_DIR)",
				);
				GCC_PRECOMPILE_PREFIX_HEADER = YES;
				GCC_PREFIX_HEADER = "Media 4 The World/Media 4 The World-Prefix.pch";
				GCC_PREPROCESSOR_DEFINITIONS = (
					"DEBUG=1",
					"$(inherited)",
				);
				INFOPLIST_FILE = "Media 4 The WorldTests/Media 4 The WorldTests-Info.plist";
				PRODUCT_NAME = "$(TARGET_NAME)";
				TEST_HOST = "$(BUNDLE_LOADER)";
				WRAPPER_EXTENSION = xctest;
			};
			name = Debug;
		};
		885508B8183C690F004C844A /* Release */ = {
			isa = XCBuildConfiguration;
			buildSettings = {
				ARCHS = "$(ARCHS_STANDARD_INCLUDING_64_BIT)";
				BUNDLE_LOADER = "$(BUILT_PRODUCTS_DIR)/Media 4 The World.app/Media 4 The World";
				FRAMEWORK_SEARCH_PATHS = (
					"$(SDKROOT)/Developer/Library/Frameworks",
					"$(inherited)",
					"$(DEVELOPER_FRAMEWORKS_DIR)",
				);
				GCC_PRECOMPILE_PREFIX_HEADER = YES;
				GCC_PREFIX_HEADER = "Media 4 The World/Media 4 The World-Prefix.pch";
				INFOPLIST_FILE = "Media 4 The WorldTests/Media 4 The WorldTests-Info.plist";
				PRODUCT_NAME = "$(TARGET_NAME)";
				TEST_HOST = "$(BUNDLE_LOADER)";
				WRAPPER_EXTENSION = xctest;
			};
			name = Release;
		};
/* End XCBuildConfiguration section */

/* Begin XCConfigurationList section */
		88550873183C690E004C844A /* Build configuration list for PBXProject "Media 4 The World" */ = {
			isa = XCConfigurationList;
			buildConfigurations = (
				885508B1183C690F004C844A /* Debug */,
				885508B2183C690F004C844A /* Release */,
			);
			defaultConfigurationIsVisible = 0;
			defaultConfigurationName = Release;
		};
		885508B3183C690F004C844A /* Build configuration list for PBXNativeTarget "Media 4 The World" */ = {
			isa = XCConfigurationList;
			buildConfigurations = (
				885508B4183C690F004C844A /* Debug */,
				885508B5183C690F004C844A /* Release */,
			);
			defaultConfigurationIsVisible = 0;
		};
		885508B6183C690F004C844A /* Build configuration list for PBXNativeTarget "Media 4 The WorldTests" */ = {
			isa = XCConfigurationList;
			buildConfigurations = (
				885508B7183C690F004C844A /* Debug */,
				885508B8183C690F004C844A /* Release */,
			);
			defaultConfigurationIsVisible = 0;
		};
/* End XCConfigurationList section */
	};
	rootObject = 88550870183C690E004C844A /* Project object */;
}
